Microsoft Visual Studio Solution File, Format Version 8.00
Project("{FAE04EC0-301F-11D3-BF4B-00C04F79EFBC}") = "HWD", "HWD.csproj", "{4BBC5940-0428-4263-A894-00F1F6F9A3DC}"
	ProjectSection(ProjectDependencies) = postProject
	EndProjectSection
EndProject
Global
	GlobalSection(SolutionConfiguration) = preSolution
		Debug = Debug
		Release = Release
	EndGlobalSection
	GlobalSection(ProjectConfiguration) = postSolution
		{4BBC5940-0428-4263-A894-00F1F6F9A3DC}.Debug.ActiveCfg = Debug|.NET
		{4BBC5940-0428-4263-A894-00F1F6F9A3DC}.Debug.Build.0 = Debug|.NET
		{4BBC5940-0428-4263-A894-00F1F6F9A3DC}.Release.ActiveCfg = Release|.NET
		{4BBC5940-0428-4263-A894-00F1F6F9A3DC}.Release.Build.0 = Release|.NET
	EndGlobalSection
	GlobalSection(ExtensibilityGlobals) = postSolution
	EndGlobalSection
	GlobalSection(ExtensibilityAddIns) = postSolution
	EndGlobalSection
EndGlobal
