Microsoft Visual Studio Solution File, Format Version 8.00
Project("{FAE04EC0-301F-11D3-BF4B-00C04F79EFBC}") = "HWD.Ext", "HWD.Ext\HWD.Ext.csproj", "{4653DCFE-844A-4645-87EA-53F6294CDA40}"
	ProjectSection(ProjectDependencies) = postProject
	EndProjectSection
EndProject
Global
	GlobalSection(SolutionConfiguration) = preSolution
		Debug = Debug
		Release = Release
	EndGlobalSection
	GlobalSection(ProjectConfiguration) = postSolution
		{4653DCFE-844A-4645-87EA-53F6294CDA40}.Debug.ActiveCfg = Debug|.NET
		{4653DCFE-844A-4645-87EA-53F6294CDA40}.Debug.Build.0 = Debug|.NET
		{4653DCFE-844A-4645-87EA-53F6294CDA40}.Release.ActiveCfg = Release|.NET
		{4653DCFE-844A-4645-87EA-53F6294CDA40}.Release.Build.0 = Release|.NET
	EndGlobalSection
	GlobalSection(ExtensibilityGlobals) = postSolution
	EndGlobalSection
	GlobalSection(ExtensibilityAddIns) = postSolution
	EndGlobalSection
EndGlobal
